// !$*UTF8*$!
{
	archiveVersion = 1;
	classes = {
	};
	objectVersion = 46;
	objects = {

/* Begin PBXBuildFile section */
		031967101B4D96C40033860E /* WebSocket.swift in Sources */ = {isa = PBXBuildFile; fileRef = 03285D2A1B4A9F1A0078A1AA /* WebSocket.swift */; };
		03285D2B1B4A9F1A0078A1AA /* WebSocket.swift in Sources */ = {isa = PBXBuildFile; fileRef = 03285D2A1B4A9F1A0078A1AA /* WebSocket.swift */; };
		03957A461C5A734C005CC1DB /* SwiftWebSocket.h in Headers */ = {isa = PBXBuildFile; fileRef = D71948F11B35E5670015C529 /* SwiftWebSocket.h */; settings = {ATTRIBUTES = (Public, ); }; };
		03957A471C5A7392005CC1DB /* WebSocket.swift in Sources */ = {isa = PBXBuildFile; fileRef = 03285D2A1B4A9F1A0078A1AA /* WebSocket.swift */; };
		03957A4C1C5A7532005CC1DB /* libz.dylib in Frameworks */ = {isa = PBXBuildFile; fileRef = 03957A4B1C5A7532005CC1DB /* libz.dylib */; };
		03D1E7221B208A5C00AC49AC /* libz.dylib in Frameworks */ = {isa = PBXBuildFile; fileRef = 03D1E7211B208A5C00AC49AC /* libz.dylib */; };
		03D70CD11BDAC5EC00D245C3 /* SwiftWebSocket.framework in Frameworks */ = {isa = PBXBuildFile; fileRef = D71949011B35E6130015C529 /* SwiftWebSocket.framework */; };
		03D70CE01BDAC63600D245C3 /* SwiftWebSocket.framework in Frameworks */ = {isa = PBXBuildFile; fileRef = 03D1E7031B20897100AC49AC /* SwiftWebSocket.framework */; };
		03D70CEC1BDAC70B00D245C3 /* Test.swift in Sources */ = {isa = PBXBuildFile; fileRef = 03D70CE91BDAC70100D245C3 /* Test.swift */; };
		03D70CED1BDAC70C00D245C3 /* Test.swift in Sources */ = {isa = PBXBuildFile; fileRef = 03D70CE91BDAC70100D245C3 /* Test.swift */; };
		D71948F51B35E5670015C529 /* SwiftWebSocket.h in Headers */ = {isa = PBXBuildFile; fileRef = D71948F11B35E5670015C529 /* SwiftWebSocket.h */; settings = {ATTRIBUTES = (Public, ); }; };
		D719491A1B35E6640015C529 /* libz.dylib in Frameworks */ = {isa = PBXBuildFile; fileRef = D71948FA1B35E59D0015C529 /* libz.dylib */; };
		D719491B1B35E7510015C529 /* SwiftWebSocket.h in Headers */ = {isa = PBXBuildFile; fileRef = D71948F11B35E5670015C529 /* SwiftWebSocket.h */; settings = {ATTRIBUTES = (Public, ); }; };
		D734D9EC1C232E6A00437555 /* Connection.m in Sources */ = {isa = PBXBuildFile; fileRef = D734D9EB1C232E6A00437555 /* Connection.m */; };
		D78C40331C232C3800EB72AA /* Test_ObjectiveC.m in Sources */ = {isa = PBXBuildFile; fileRef = D78C40321C232C3800EB72AA /* Test_ObjectiveC.m */; };
		D78C40351C232C3800EB72AA /* SwiftWebSocket.framework in Frameworks */ = {isa = PBXBuildFile; fileRef = 03D1E7031B20897100AC49AC /* SwiftWebSocket.framework */; };
/* End PBXBuildFile section */

/* Begin PBXContainerItemProxy section */
		03D70CD21BDAC5EC00D245C3 /* PBXContainerItemProxy */ = {
			isa = PBXContainerItemProxy;
			containerPortal = 03D1E6FA1B20897100AC49AC /* Project object */;
			proxyType = 1;
			remoteGlobalIDString = D71949001B35E6130015C529;
			remoteInfo = "SwiftWebSocket-OSX";
		};
		03D70CE11BDAC63600D245C3 /* PBXContainerItemProxy */ = {
			isa = PBXContainerItemProxy;
			containerPortal = 03D1E6FA1B20897100AC49AC /* Project object */;
			proxyType = 1;
			remoteGlobalIDString = 03D1E7021B20897100AC49AC;
			remoteInfo = "SwiftWebSocket-iOS";
		};
		D78C40361C232C3800EB72AA /* PBXContainerItemProxy */ = {
			isa = PBXContainerItemProxy;
			containerPortal = 03D1E6FA1B20897100AC49AC /* Project object */;
			proxyType = 1;
			remoteGlobalIDString = 03D1E7021B20897100AC49AC;
			remoteInfo = "SwiftWebSocket-iOS";
		};
/* End PBXContainerItemProxy section */

/* Begin PBXFileReference section */
		0319670F1B4D96B80033860E /* Info.plist */ = {isa = PBXFileReference; lastKnownFileType = text.plist.xml; path = Info.plist; sourceTree = "<group>"; };
		03285D2A1B4A9F1A0078A1AA /* WebSocket.swift */ = {isa = PBXFileReference; fileEncoding = 4; lastKnownFileType = sourcecode.swift; path = WebSocket.swift; sourceTree = "<group>"; };
		03957A3C1C5A71DB005CC1DB /* SwiftWebSocket.framework */ = {isa = PBXFileReference; explicitFileType = wrapper.framework; includeInIndex = 0; path = SwiftWebSocket.framework; sourceTree = BUILT_PRODUCTS_DIR; };
		03957A481C5A74D9005CC1DB /* Info-tvOS.plist */ = {isa = PBXFileReference; lastKnownFileType = text.plist.xml; path = "Info-tvOS.plist"; sourceTree = "<group>"; };
		03957A4B1C5A7532005CC1DB /* libz.dylib */ = {isa = PBXFileReference; lastKnownFileType = "compiled.mach-o.dylib"; name = libz.dylib; path = Platforms/MacOSX.platform/Developer/SDKs/MacOSX10.10.sdk/usr/lib/libz.dylib; sourceTree = DEVELOPER_DIR; };
		03D1E7031B20897100AC49AC /* SwiftWebSocket.framework */ = {isa = PBXFileReference; explicitFileType = wrapper.framework; includeInIndex = 0; path = SwiftWebSocket.framework; sourceTree = BUILT_PRODUCTS_DIR; };
		03D1E7211B208A5C00AC49AC /* libz.dylib */ = {isa = PBXFileReference; lastKnownFileType = "compiled.mach-o.dylib"; name = libz.dylib; path = usr/lib/libz.dylib; sourceTree = SDKROOT; };
		03D70CCC1BDAC5EC00D245C3 /* Test-OSX.xctest */ = {isa = PBXFileReference; explicitFileType = wrapper.cfbundle; includeInIndex = 0; path = "Test-OSX.xctest"; sourceTree = BUILT_PRODUCTS_DIR; };
		03D70CDB1BDAC63600D245C3 /* Test-iOS.xctest */ = {isa = PBXFileReference; explicitFileType = wrapper.cfbundle; includeInIndex = 0; path = "Test-iOS.xctest"; sourceTree = BUILT_PRODUCTS_DIR; };
		03D70CE81BDAC70100D245C3 /* Info.plist */ = {isa = PBXFileReference; fileEncoding = 4; lastKnownFileType = text.plist.xml; path = Info.plist; sourceTree = "<group>"; };
		03D70CE91BDAC70100D245C3 /* Test.swift */ = {isa = PBXFileReference; fileEncoding = 4; lastKnownFileType = sourcecode.swift; path = Test.swift; sourceTree = "<group>"; };
		D71948F11B35E5670015C529 /* SwiftWebSocket.h */ = {isa = PBXFileReference; fileEncoding = 4; lastKnownFileType = sourcecode.c.h; path = SwiftWebSocket.h; sourceTree = "<group>"; };
		D71948FA1B35E59D0015C529 /* libz.dylib */ = {isa = PBXFileReference; lastKnownFileType = "compiled.mach-o.dylib"; name = libz.dylib; path = Platforms/MacOSX.platform/Developer/SDKs/MacOSX10.10.sdk/usr/lib/libz.dylib; sourceTree = DEVELOPER_DIR; };
		D71949011B35E6130015C529 /* SwiftWebSocket.framework */ = {isa = PBXFileReference; explicitFileType = wrapper.framework; includeInIndex = 0; path = SwiftWebSocket.framework; sourceTree = BUILT_PRODUCTS_DIR; };
		D734D9EA1C232E6A00437555 /* Connection.h */ = {isa = PBXFileReference; fileEncoding = 4; lastKnownFileType = sourcecode.c.h; path = Connection.h; sourceTree = "<group>"; };
		D734D9EB1C232E6A00437555 /* Connection.m */ = {isa = PBXFileReference; fileEncoding = 4; lastKnownFileType = sourcecode.c.objc; path = Connection.m; sourceTree = "<group>"; };
		D78C40301C232C3800EB72AA /* Test-ObjectiveC.xctest */ = {isa = PBXFileReference; explicitFileType = wrapper.cfbundle; includeInIndex = 0; path = "Test-ObjectiveC.xctest"; sourceTree = BUILT_PRODUCTS_DIR; };
		D78C40321C232C3800EB72AA /* Test_ObjectiveC.m */ = {isa = PBXFileReference; lastKnownFileType = sourcecode.c.objc; path = Test_ObjectiveC.m; sourceTree = "<group>"; };
		D78C40341C232C3800EB72AA /* Info.plist */ = {isa = PBXFileReference; lastKnownFileType = text.plist.xml; path = Info.plist; sourceTree = "<group>"; };
/* End PBXFileReference section */

/* Begin PBXFrameworksBuildPhase section */
		03957A381C5A71DB005CC1DB /* Frameworks */ = {
			isa = PBXFrameworksBuildPhase;
			buildActionMask = 2147483647;
			files = (
				03957A4C1C5A7532005CC1DB /* libz.dylib in Frameworks */,
			);
			runOnlyForDeploymentPostprocessing = 0;
		};
		03D1E6FF1B20897100AC49AC /* Frameworks */ = {
			isa = PBXFrameworksBuildPhase;
			buildActionMask = 2147483647;
			files = (
				03D1E7221B208A5C00AC49AC /* libz.dylib in Frameworks */,
			);
			runOnlyForDeploymentPostprocessing = 0;
		};
		03D70CC91BDAC5EC00D245C3 /* Frameworks */ = {
			isa = PBXFrameworksBuildPhase;
			buildActionMask = 2147483647;
			files = (
				03D70CD11BDAC5EC00D245C3 /* SwiftWebSocket.framework in Frameworks */,
			);
			runOnlyForDeploymentPostprocessing = 0;
		};
		03D70CD81BDAC63600D245C3 /* Frameworks */ = {
			isa = PBXFrameworksBuildPhase;
			buildActionMask = 2147483647;
			files = (
				03D70CE01BDAC63600D245C3 /* SwiftWebSocket.framework in Frameworks */,
			);
			runOnlyForDeploymentPostprocessing = 0;
		};
		D71948FD1B35E6130015C529 /* Frameworks */ = {
			isa = PBXFrameworksBuildPhase;
			buildActionMask = 2147483647;
			files = (
				D719491A1B35E6640015C529 /* libz.dylib in Frameworks */,
			);
			runOnlyForDeploymentPostprocessing = 0;
		};
		D78C402D1C232C3800EB72AA /* Frameworks */ = {
			isa = PBXFrameworksBuildPhase;
			buildActionMask = 2147483647;
			files = (
				D78C40351C232C3800EB72AA /* SwiftWebSocket.framework in Frameworks */,
			);
			runOnlyForDeploymentPostprocessing = 0;
		};
/* End PBXFrameworksBuildPhase section */

/* Begin PBXGroup section */
		03D1E6F91B20897100AC49AC = {
			isa = PBXGroup;
			children = (
				03957A4B1C5A7532005CC1DB /* libz.dylib */,
				D71948FA1B35E59D0015C529 /* libz.dylib */,
				03D1E7211B208A5C00AC49AC /* libz.dylib */,
				D71948F01B35E5670015C529 /* Source */,
				03D70CE71BDAC70100D245C3 /* Test */,
				D78C40311C232C3800EB72AA /* Test-ObjectiveC */,
				03D1E7041B20897100AC49AC /* Products */,
			);
			sourceTree = "<group>";
		};
		03D1E7041B20897100AC49AC /* Products */ = {
			isa = PBXGroup;
			children = (
				03D1E7031B20897100AC49AC /* SwiftWebSocket.framework */,
				D71949011B35E6130015C529 /* SwiftWebSocket.framework */,
				03D70CCC1BDAC5EC00D245C3 /* Test-OSX.xctest */,
				03D70CDB1BDAC63600D245C3 /* Test-iOS.xctest */,
				D78C40301C232C3800EB72AA /* Test-ObjectiveC.xctest */,
				03957A3C1C5A71DB005CC1DB /* SwiftWebSocket.framework */,
			);
			name = Products;
			sourceTree = "<group>";
		};
		03D70CE71BDAC70100D245C3 /* Test */ = {
			isa = PBXGroup;
			children = (
				03D70CE81BDAC70100D245C3 /* Info.plist */,
				03D70CE91BDAC70100D245C3 /* Test.swift */,
			);
			path = Test;
			sourceTree = "<group>";
		};
		D71948F01B35E5670015C529 /* Source */ = {
			isa = PBXGroup;
			children = (
				03957A481C5A74D9005CC1DB /* Info-tvOS.plist */,
				0319670F1B4D96B80033860E /* Info.plist */,
				D71948F11B35E5670015C529 /* SwiftWebSocket.h */,
				03285D2A1B4A9F1A0078A1AA /* WebSocket.swift */,
			);
			path = Source;
			sourceTree = "<group>";
		};
		D78C40311C232C3800EB72AA /* Test-ObjectiveC */ = {
			isa = PBXGroup;
			children = (
				D78C40341C232C3800EB72AA /* Info.plist */,
				D734D9EA1C232E6A00437555 /* Connection.h */,
				D734D9EB1C232E6A00437555 /* Connection.m */,
				D78C40321C232C3800EB72AA /* Test_ObjectiveC.m */,
			);
			path = "Test-ObjectiveC";
			sourceTree = "<group>";
		};
/* End PBXGroup section */

/* Begin PBXHeadersBuildPhase section */
		03957A391C5A71DB005CC1DB /* Headers */ = {
			isa = PBXHeadersBuildPhase;
			buildActionMask = 2147483647;
			files = (
				03957A461C5A734C005CC1DB /* SwiftWebSocket.h in Headers */,
			);
			runOnlyForDeploymentPostprocessing = 0;
		};
		03D1E7001B20897100AC49AC /* Headers */ = {
			isa = PBXHeadersBuildPhase;
			buildActionMask = 2147483647;
			files = (
				D71948F51B35E5670015C529 /* SwiftWebSocket.h in Headers */,
			);
			runOnlyForDeploymentPostprocessing = 0;
		};
		D71948FE1B35E6130015C529 /* Headers */ = {
			isa = PBXHeadersBuildPhase;
			buildActionMask = 2147483647;
			files = (
				D719491B1B35E7510015C529 /* SwiftWebSocket.h in Headers */,
			);
			runOnlyForDeploymentPostprocessing = 0;
		};
/* End PBXHeadersBuildPhase section */

/* Begin PBXNativeTarget section */
		03957A3B1C5A71DB005CC1DB /* SwiftWebSocket-tvOS */ = {
			isa = PBXNativeTarget;
			buildConfigurationList = 03957A411C5A71DC005CC1DB /* Build configuration list for PBXNativeTarget "SwiftWebSocket-tvOS" */;
			buildPhases = (
				03957A371C5A71DB005CC1DB /* Sources */,
				03957A381C5A71DB005CC1DB /* Frameworks */,
				03957A391C5A71DB005CC1DB /* Headers */,
				03957A3A1C5A71DB005CC1DB /* Resources */,
			);
			buildRules = (
			);
			dependencies = (
			);
			name = "SwiftWebSocket-tvOS";
			productName = "SwiftWebSocket-tvOS";
			productReference = 03957A3C1C5A71DB005CC1DB /* SwiftWebSocket.framework */;
			productType = "com.apple.product-type.framework";
		};
		03D1E7021B20897100AC49AC /* SwiftWebSocket-iOS */ = {
			isa = PBXNativeTarget;
			buildConfigurationList = 03D1E7191B20897100AC49AC /* Build configuration list for PBXNativeTarget "SwiftWebSocket-iOS" */;
			buildPhases = (
				03D1E6FE1B20897100AC49AC /* Sources */,
				03D1E6FF1B20897100AC49AC /* Frameworks */,
				03D1E7001B20897100AC49AC /* Headers */,
				03D1E7011B20897100AC49AC /* Resources */,
			);
			buildRules = (
			);
			dependencies = (
			);
			name = "SwiftWebSocket-iOS";
			productName = SwiftWebSocket;
			productReference = 03D1E7031B20897100AC49AC /* SwiftWebSocket.framework */;
			productType = "com.apple.product-type.framework";
		};
		03D70CCB1BDAC5EC00D245C3 /* Test-OSX */ = {
			isa = PBXNativeTarget;
			buildConfigurationList = 03D70CD61BDAC5EC00D245C3 /* Build configuration list for PBXNativeTarget "Test-OSX" */;
			buildPhases = (
				03D70CC81BDAC5EC00D245C3 /* Sources */,
				03D70CC91BDAC5EC00D245C3 /* Frameworks */,
				03D70CCA1BDAC5EC00D245C3 /* Resources */,
			);
			buildRules = (
			);
			dependencies = (
				03D70CD31BDAC5EC00D245C3 /* PBXTargetDependency */,
			);
			name = "Test-OSX";
			productName = "Test-OSX";
			productReference = 03D70CCC1BDAC5EC00D245C3 /* Test-OSX.xctest */;
			productType = "com.apple.product-type.bundle.unit-test";
		};
		03D70CDA1BDAC63600D245C3 /* Test-iOS */ = {
			isa = PBXNativeTarget;
			buildConfigurationList = 03D70CE31BDAC63600D245C3 /* Build configuration list for PBXNativeTarget "Test-iOS" */;
			buildPhases = (
				03D70CD71BDAC63600D245C3 /* Sources */,
				03D70CD81BDAC63600D245C3 /* Frameworks */,
				03D70CD91BDAC63600D245C3 /* Resources */,
			);
			buildRules = (
			);
			dependencies = (
				03D70CE21BDAC63600D245C3 /* PBXTargetDependency */,
			);
			name = "Test-iOS";
			productName = "Test-iOS";
			productReference = 03D70CDB1BDAC63600D245C3 /* Test-iOS.xctest */;
			productType = "com.apple.product-type.bundle.unit-test";
		};
		D71949001B35E6130015C529 /* SwiftWebSocket-OSX */ = {
			isa = PBXNativeTarget;
			buildConfigurationList = D71949141B35E6160015C529 /* Build configuration list for PBXNativeTarget "SwiftWebSocket-OSX" */;
			buildPhases = (
				D71948FC1B35E6130015C529 /* Sources */,
				D71948FD1B35E6130015C529 /* Frameworks */,
				D71948FE1B35E6130015C529 /* Headers */,
				D71948FF1B35E6130015C529 /* Resources */,
			);
			buildRules = (
			);
			dependencies = (
			);
			name = "SwiftWebSocket-OSX";
			productName = "SwiftWebSocket-OSX";
			productReference = D71949011B35E6130015C529 /* SwiftWebSocket.framework */;
			productType = "com.apple.product-type.framework";
		};
		D78C402F1C232C3800EB72AA /* Test-ObjectiveC */ = {
			isa = PBXNativeTarget;
			buildConfigurationList = D78C403A1C232C3800EB72AA /* Build configuration list for PBXNativeTarget "Test-ObjectiveC" */;
			buildPhases = (
				D78C402C1C232C3800EB72AA /* Sources */,
				D78C402D1C232C3800EB72AA /* Frameworks */,
				D78C402E1C232C3800EB72AA /* Resources */,
			);
			buildRules = (
			);
			dependencies = (
				D78C40371C232C3800EB72AA /* PBXTargetDependency */,
			);
			name = "Test-ObjectiveC";
			productName = "Test-ObjectiveC";
			productReference = D78C40301C232C3800EB72AA /* Test-ObjectiveC.xctest */;
			productType = "com.apple.product-type.bundle.unit-test";
		};
/* End PBXNativeTarget section */

/* Begin PBXProject section */
		03D1E6FA1B20897100AC49AC /* Project object */ = {
			isa = PBXProject;
			attributes = {
				LastSwiftUpdateCheck = 0730;
				LastUpgradeCheck = 0800;
				ORGANIZATIONNAME = "ONcast, LLC";
				TargetAttributes = {
					03957A3B1C5A71DB005CC1DB = {
						CreatedOnToolsVersion = 7.2;
					};
					03D1E7021B20897100AC49AC = {
						CreatedOnToolsVersion = 6.3.2;
						LastSwiftMigration = 0800;
					};
					03D70CCB1BDAC5EC00D245C3 = {
						CreatedOnToolsVersion = 7.1;
					};
					03D70CDA1BDAC63600D245C3 = {
						CreatedOnToolsVersion = 7.1;
					};
					D71949001B35E6130015C529 = {
						CreatedOnToolsVersion = 6.3.2;
					};
					D78C402F1C232C3800EB72AA = {
						CreatedOnToolsVersion = 7.1.1;
						LastSwiftMigration = 0800;
					};
				};
			};
			buildConfigurationList = 03D1E6FD1B20897100AC49AC /* Build configuration list for PBXProject "SwiftWebSocket" */;
			compatibilityVersion = "Xcode 3.2";
			developmentRegion = English;
			hasScannedForEncodings = 0;
			knownRegions = (
				en,
				Base,
			);
			mainGroup = 03D1E6F91B20897100AC49AC;
			productRefGroup = 03D1E7041B20897100AC49AC /* Products */;
			projectDirPath = "";
			projectRoot = "";
			targets = (
				03D1E7021B20897100AC49AC /* SwiftWebSocket-iOS */,
				D71949001B35E6130015C529 /* SwiftWebSocket-OSX */,
				03957A3B1C5A71DB005CC1DB /* SwiftWebSocket-tvOS */,
				03D70CCB1BDAC5EC00D245C3 /* Test-OSX */,
				03D70CDA1BDAC63600D245C3 /* Test-iOS */,
				D78C402F1C232C3800EB72AA /* Test-ObjectiveC */,
			);
		};
/* End PBXProject section */

/* Begin PBXResourcesBuildPhase section */
		03957A3A1C5A71DB005CC1DB /* Resources */ = {
			isa = PBXResourcesBuildPhase;
			buildActionMask = 2147483647;
			files = (
			);
			runOnlyForDeploymentPostprocessing = 0;
		};
		03D1E7011B20897100AC49AC /* Resources */ = {
			isa = PBXResourcesBuildPhase;
			buildActionMask = 2147483647;
			files = (
			);
			runOnlyForDeploymentPostprocessing = 0;
		};
		03D70CCA1BDAC5EC00D245C3 /* Resources */ = {
			isa = PBXResourcesBuildPhase;
			buildActionMask = 2147483647;
			files = (
			);
			runOnlyForDeploymentPostprocessing = 0;
		};
		03D70CD91BDAC63600D245C3 /* Resources */ = {
			isa = PBXResourcesBuildPhase;
			buildActionMask = 2147483647;
			files = (
			);
			runOnlyForDeploymentPostprocessing = 0;
		};
		D71948FF1B35E6130015C529 /* Resources */ = {
			isa = PBXResourcesBuildPhase;
			buildActionMask = 2147483647;
			files = (
			);
			runOnlyForDeploymentPostprocessing = 0;
		};
		D78C402E1C232C3800EB72AA /* Resources */ = {
			isa = PBXResourcesBuildPhase;
			buildActionMask = 2147483647;
			files = (
			);
			runOnlyForDeploymentPostprocessing = 0;
		};
/* End PBXResourcesBuildPhase section */

/* Begin PBXSourcesBuildPhase section */
		03957A371C5A71DB005CC1DB /* Sources */ = {
			isa = PBXSourcesBuildPhase;
			buildActionMask = 2147483647;
			files = (
				03957A471C5A7392005CC1DB /* WebSocket.swift in Sources */,
			);
			runOnlyForDeploymentPostprocessing = 0;
		};
		03D1E6FE1B20897100AC49AC /* Sources */ = {
			isa = PBXSourcesBuildPhase;
			buildActionMask = 2147483647;
			files = (
				03285D2B1B4A9F1A0078A1AA /* WebSocket.swift in Sources */,
			);
			runOnlyForDeploymentPostprocessing = 0;
		};
		03D70CC81BDAC5EC00D245C3 /* Sources */ = {
			isa = PBXSourcesBuildPhase;
			buildActionMask = 2147483647;
			files = (
				03D70CEC1BDAC70B00D245C3 /* Test.swift in Sources */,
			);
			runOnlyForDeploymentPostprocessing = 0;
		};
		03D70CD71BDAC63600D245C3 /* Sources */ = {
			isa = PBXSourcesBuildPhase;
			buildActionMask = 2147483647;
			files = (
				03D70CED1BDAC70C00D245C3 /* Test.swift in Sources */,
			);
			runOnlyForDeploymentPostprocessing = 0;
		};
		D71948FC1B35E6130015C529 /* Sources */ = {
			isa = PBXSourcesBuildPhase;
			buildActionMask = 2147483647;
			files = (
				031967101B4D96C40033860E /* WebSocket.swift in Sources */,
			);
			runOnlyForDeploymentPostprocessing = 0;
		};
		D78C402C1C232C3800EB72AA /* Sources */ = {
			isa = PBXSourcesBuildPhase;
			buildActionMask = 2147483647;
			files = (
				D78C40331C232C3800EB72AA /* Test_ObjectiveC.m in Sources */,
				D734D9EC1C232E6A00437555 /* Connection.m in Sources */,
			);
			runOnlyForDeploymentPostprocessing = 0;
		};
/* End PBXSourcesBuildPhase section */

/* Begin PBXTargetDependency section */
		03D70CD31BDAC5EC00D245C3 /* PBXTargetDependency */ = {
			isa = PBXTargetDependency;
			target = D71949001B35E6130015C529 /* SwiftWebSocket-OSX */;
			targetProxy = 03D70CD21BDAC5EC00D245C3 /* PBXContainerItemProxy */;
		};
		03D70CE21BDAC63600D245C3 /* PBXTargetDependency */ = {
			isa = PBXTargetDependency;
			target = 03D1E7021B20897100AC49AC /* SwiftWebSocket-iOS */;
			targetProxy = 03D70CE11BDAC63600D245C3 /* PBXContainerItemProxy */;
		};
		D78C40371C232C3800EB72AA /* PBXTargetDependency */ = {
			isa = PBXTargetDependency;
			target = 03D1E7021B20897100AC49AC /* SwiftWebSocket-iOS */;
			targetProxy = D78C40361C232C3800EB72AA /* PBXContainerItemProxy */;
		};
/* End PBXTargetDependency section */

/* Begin XCBuildConfiguration section */
		03957A421C5A71DC005CC1DB /* Debug */ = {
			isa = XCBuildConfiguration;
			buildSettings = {
				BITCODE_GENERATION_MODE = bitcode;
				DEBUG_INFORMATION_FORMAT = dwarf;
				DEFINES_MODULE = YES;
				DYLIB_COMPATIBILITY_VERSION = 1;
				DYLIB_CURRENT_VERSION = 1;
				DYLIB_INSTALL_NAME_BASE = "@rpath";
				ENABLE_BITCODE = YES;
				INFOPLIST_FILE = "Source/Info-tvOS.plist";
				INSTALL_PATH = "$(LOCAL_LIBRARY_DIR)/Frameworks";
				LD_RUNPATH_SEARCH_PATHS = "$(inherited) @executable_path/Frameworks @loader_path/Frameworks";
				PRODUCT_BUNDLE_IDENTIFIER = com.oncast.SwiftWebSocket;
				PRODUCT_NAME = SwiftWebSocket;
				SDKROOT = appletvos;
				SKIP_INSTALL = YES;
				TARGETED_DEVICE_FAMILY = 3;
				TVOS_DEPLOYMENT_TARGET = 9.1;
			};
			name = Debug;
		};
		03957A431C5A71DC005CC1DB /* Release */ = {
			isa = XCBuildConfiguration;
			buildSettings = {
				BITCODE_GENERATION_MODE = bitcode;
				DEFINES_MODULE = YES;
				DYLIB_COMPATIBILITY_VERSION = 1;
				DYLIB_CURRENT_VERSION = 1;
				DYLIB_INSTALL_NAME_BASE = "@rpath";
				ENABLE_BITCODE = YES;
				INFOPLIST_FILE = "Source/Info-tvOS.plist";
				INSTALL_PATH = "$(LOCAL_LIBRARY_DIR)/Frameworks";
				LD_RUNPATH_SEARCH_PATHS = "$(inherited) @executable_path/Frameworks @loader_path/Frameworks";
				PRODUCT_BUNDLE_IDENTIFIER = com.oncast.SwiftWebSocket;
				PRODUCT_NAME = SwiftWebSocket;
				SDKROOT = appletvos;
				SKIP_INSTALL = YES;
				SWIFT_OPTIMIZATION_LEVEL = "-Owholemodule";
				TARGETED_DEVICE_FAMILY = 3;
				TVOS_DEPLOYMENT_TARGET = 9.1;
			};
			name = Release;
		};
		03D1E7171B20897100AC49AC /* Debug */ = {
			isa = XCBuildConfiguration;
			buildSettings = {
				ALWAYS_SEARCH_USER_PATHS = NO;
				CLANG_CXX_LANGUAGE_STANDARD = "gnu++0x";
				CLANG_CXX_LIBRARY = "libc++";
				CLANG_ENABLE_MODULES = YES;
				CLANG_ENABLE_OBJC_ARC = YES;
				CLANG_WARN_BOOL_CONVERSION = YES;
				CLANG_WARN_CONSTANT_CONVERSION = YES;
				CLANG_WARN_DIRECT_OBJC_ISA_USAGE = YES_ERROR;
				CLANG_WARN_EMPTY_BODY = YES;
				CLANG_WARN_ENUM_CONVERSION = YES;
				CLANG_WARN_INT_CONVERSION = YES;
				CLANG_WARN_OBJC_ROOT_CLASS = YES_ERROR;
				CLANG_WARN_UNREACHABLE_CODE = YES;
				CLANG_WARN__DUPLICATE_METHOD_MATCH = YES;
				"CODE_SIGN_IDENTITY[sdk=iphoneos*]" = "iPhone Developer";
				COPY_PHASE_STRIP = NO;
				CURRENT_PROJECT_VERSION = 1;
				DEBUG_INFORMATION_FORMAT = "dwarf-with-dsym";
				ENABLE_STRICT_OBJC_MSGSEND = YES;
				ENABLE_TESTABILITY = YES;
				GCC_C_LANGUAGE_STANDARD = gnu99;
				GCC_DYNAMIC_NO_PIC = NO;
				GCC_NO_COMMON_BLOCKS = YES;
				GCC_OPTIMIZATION_LEVEL = 0;
				GCC_PREPROCESSOR_DEFINITIONS = (
					"DEBUG=1",
					"$(inherited)",
				);
				GCC_SYMBOLS_PRIVATE_EXTERN = NO;
				GCC_WARN_64_TO_32_BIT_CONVERSION = YES;
				GCC_WARN_ABOUT_RETURN_TYPE = YES_ERROR;
				GCC_WARN_UNDECLARED_SELECTOR = YES;
				GCC_WARN_UNINITIALIZED_AUTOS = YES_AGGRESSIVE;
				GCC_WARN_UNUSED_FUNCTION = YES;
				GCC_WARN_UNUSED_VARIABLE = YES;
				IPHONEOS_DEPLOYMENT_TARGET = 8.3;
				MTL_ENABLE_DEBUG_INFO = YES;
				ONLY_ACTIVE_ARCH = YES;
				SDKROOT = iphoneos;
				SWIFT_OPTIMIZATION_LEVEL = "-Onone";
				SWIFT_VERSION = 3.0;
				TARGETED_DEVICE_FAMILY = "1,2";
				VERSIONING_SYSTEM = "apple-generic";
				VERSION_INFO_PREFIX = "";
			};
			name = Debug;
		};
		03D1E7181B20897100AC49AC /* Release */ = {
			isa = XCBuildConfiguration;
			buildSettings = {
				ALWAYS_SEARCH_USER_PATHS = NO;
				CLANG_CXX_LANGUAGE_STANDARD = "gnu++0x";
				CLANG_CXX_LIBRARY = "libc++";
				CLANG_ENABLE_MODULES = YES;
				CLANG_ENABLE_OBJC_ARC = YES;
				CLANG_WARN_BOOL_CONVERSION = YES;
				CLANG_WARN_CONSTANT_CONVERSION = YES;
				CLANG_WARN_DIRECT_OBJC_ISA_USAGE = YES_ERROR;
				CLANG_WARN_EMPTY_BODY = YES;
				CLANG_WARN_ENUM_CONVERSION = YES;
				CLANG_WARN_INT_CONVERSION = YES;
				CLANG_WARN_OBJC_ROOT_CLASS = YES_ERROR;
				CLANG_WARN_UNREACHABLE_CODE = YES;
				CLANG_WARN__DUPLICATE_METHOD_MATCH = YES;
				"CODE_SIGN_IDENTITY[sdk=iphoneos*]" = "iPhone Developer";
				COPY_PHASE_STRIP = NO;
				CURRENT_PROJECT_VERSION = 1;
				DEBUG_INFORMATION_FORMAT = "dwarf-with-dsym";
				ENABLE_NS_ASSERTIONS = NO;
				ENABLE_STRICT_OBJC_MSGSEND = YES;
				GCC_C_LANGUAGE_STANDARD = gnu99;
				GCC_NO_COMMON_BLOCKS = YES;
				GCC_WARN_64_TO_32_BIT_CONVERSION = YES;
				GCC_WARN_ABOUT_RETURN_TYPE = YES_ERROR;
				GCC_WARN_UNDECLARED_SELECTOR = YES;
				GCC_WARN_UNINITIALIZED_AUTOS = YES_AGGRESSIVE;
				GCC_WARN_UNUSED_FUNCTION = YES;
				GCC_WARN_UNUSED_VARIABLE = YES;
				IPHONEOS_DEPLOYMENT_TARGET = 8.3;
				MTL_ENABLE_DEBUG_INFO = NO;
				SDKROOT = iphoneos;
				SWIFT_VERSION = 3.0;
				TARGETED_DEVICE_FAMILY = "1,2";
				VALIDATE_PRODUCT = YES;
				VERSIONING_SYSTEM = "apple-generic";
				VERSION_INFO_PREFIX = "";
			};
			name = Release;
		};
		03D1E71A1B20897100AC49AC /* Debug */ = {
			isa = XCBuildConfiguration;
			buildSettings = {
				APPLICATION_EXTENSION_API_ONLY = YES;
				DEFINES_MODULE = YES;
				DYLIB_COMPATIBILITY_VERSION = 1;
				DYLIB_CURRENT_VERSION = 1;
				DYLIB_INSTALL_NAME_BASE = "@rpath";
				INFOPLIST_FILE = Source/Info.plist;
				INSTALL_PATH = "$(LOCAL_LIBRARY_DIR)/Frameworks";
				IPHONEOS_DEPLOYMENT_TARGET = 8.0;
				LD_RUNPATH_SEARCH_PATHS = "$(inherited) @executable_path/Frameworks @loader_path/Frameworks";
				PRODUCT_BUNDLE_IDENTIFIER = "com.oncast.$(PRODUCT_NAME:rfc1034identifier)";
				PRODUCT_NAME = SwiftWebSocket;
				SKIP_INSTALL = YES;
				SWIFT_VERSION = 3.0;
			};
			name = Debug;
		};
		03D1E71B1B20897100AC49AC /* Release */ = {
			isa = XCBuildConfiguration;
			buildSettings = {
				APPLICATION_EXTENSION_API_ONLY = YES;
				DEFINES_MODULE = YES;
				DYLIB_COMPATIBILITY_VERSION = 1;
				DYLIB_CURRENT_VERSION = 1;
				DYLIB_INSTALL_NAME_BASE = "@rpath";
				INFOPLIST_FILE = Source/Info.plist;
				INSTALL_PATH = "$(LOCAL_LIBRARY_DIR)/Frameworks";
				IPHONEOS_DEPLOYMENT_TARGET = 8.0;
				LD_RUNPATH_SEARCH_PATHS = "$(inherited) @executable_path/Frameworks @loader_path/Frameworks";
				PRODUCT_BUNDLE_IDENTIFIER = "com.oncast.$(PRODUCT_NAME:rfc1034identifier)";
				PRODUCT_NAME = SwiftWebSocket;
				SKIP_INSTALL = YES;
				SWIFT_OPTIMIZATION_LEVEL = "-Owholemodule";
				SWIFT_VERSION = 3.0;
			};
			name = Release;
		};
		03D70CD41BDAC5EC00D245C3 /* Debug */ = {
			isa = XCBuildConfiguration;
			buildSettings = {
				CODE_SIGN_IDENTITY = "-";
				COMBINE_HIDPI_IMAGES = YES;
				DEBUG_INFORMATION_FORMAT = dwarf;
				INFOPLIST_FILE = Test/Info.plist;
				LD_RUNPATH_SEARCH_PATHS = "$(inherited) @executable_path/../Frameworks @loader_path/../Frameworks";
				MACOSX_DEPLOYMENT_TARGET = 10.11;
				PRODUCT_BUNDLE_IDENTIFIER = com.oncast.SwiftWebSocketTest;
				PRODUCT_NAME = "$(TARGET_NAME)";
				SDKROOT = macosx;
			};
			name = Debug;
		};
		03D70CD51BDAC5EC00D245C3 /* Release */ = {
			isa = XCBuildConfiguration;
			buildSettings = {
				CODE_SIGN_IDENTITY = "-";
				COMBINE_HIDPI_IMAGES = YES;
				INFOPLIST_FILE = Test/Info.plist;
				LD_RUNPATH_SEARCH_PATHS = "$(inherited) @executable_path/../Frameworks @loader_path/../Frameworks";
				MACOSX_DEPLOYMENT_TARGET = 10.11;
				PRODUCT_BUNDLE_IDENTIFIER = com.oncast.SwiftWebSocketTest;
				PRODUCT_NAME = "$(TARGET_NAME)";
				SDKROOT = macosx;
				SWIFT_OPTIMIZATION_LEVEL = "-Owholemodule";
			};
			name = Release;
		};
		03D70CE41BDAC63600D245C3 /* Debug */ = {
			isa = XCBuildConfiguration;
			buildSettings = {
				DEBUG_INFORMATION_FORMAT = dwarf;
				INFOPLIST_FILE = Test/Info.plist;
				IPHONEOS_DEPLOYMENT_TARGET = 9.1;
				LD_RUNPATH_SEARCH_PATHS = "$(inherited) @executable_path/Frameworks @loader_path/Frameworks";
				PRODUCT_BUNDLE_IDENTIFIER = com.oncast.SwiftWebSocketTest;
				PRODUCT_NAME = "$(TARGET_NAME)";
			};
			name = Debug;
		};
		03D70CE51BDAC63600D245C3 /* Release */ = {
			isa = XCBuildConfiguration;
			buildSettings = {
				INFOPLIST_FILE = Test/Info.plist;
				IPHONEOS_DEPLOYMENT_TARGET = 9.1;
				LD_RUNPATH_SEARCH_PATHS = "$(inherited) @executable_path/Frameworks @loader_path/Frameworks";
				PRODUCT_BUNDLE_IDENTIFIER = com.oncast.SwiftWebSocketTest;
				PRODUCT_NAME = "$(TARGET_NAME)";
				SWIFT_OPTIMIZATION_LEVEL = "-Owholemodule";
			};
			name = Release;
		};
		D71949151B35E6160015C529 /* Debug */ = {
			isa = XCBuildConfiguration;
			buildSettings = {
				APPLICATION_EXTENSION_API_ONLY = YES;
				COMBINE_HIDPI_IMAGES = YES;
				DEBUG_INFORMATION_FORMAT = dwarf;
				DEFINES_MODULE = YES;
				DYLIB_COMPATIBILITY_VERSION = 1;
				DYLIB_CURRENT_VERSION = 1;
				DYLIB_INSTALL_NAME_BASE = "@rpath";
				FRAMEWORK_VERSION = A;
				GCC_PREPROCESSOR_DEFINITIONS = (
					"DEBUG=1",
					"$(inherited)",
				);
				INFOPLIST_FILE = Source/Info.plist;
				INSTALL_PATH = "$(LOCAL_LIBRARY_DIR)/Frameworks";
				LD_RUNPATH_SEARCH_PATHS = "$(inherited) @executable_path/../Frameworks @loader_path/Frameworks";
				MACOSX_DEPLOYMENT_TARGET = 10.10;
				PRODUCT_BUNDLE_IDENTIFIER = "com.oncast.$(PRODUCT_NAME:rfc1034identifier)";
				PRODUCT_NAME = SwiftWebSocket;
				SDKROOT = macosx;
				SKIP_INSTALL = YES;
				VALID_ARCHS = x86_64;
			};
			name = Debug;
		};
		D71949161B35E6160015C529 /* Release */ = {
			isa = XCBuildConfiguration;
			buildSettings = {
				APPLICATION_EXTENSION_API_ONLY = YES;
				COMBINE_HIDPI_IMAGES = YES;
				DEFINES_MODULE = YES;
				DYLIB_COMPATIBILITY_VERSION = 1;
				DYLIB_CURRENT_VERSION = 1;
				DYLIB_INSTALL_NAME_BASE = "@rpath";
				FRAMEWORK_VERSION = A;
				INFOPLIST_FILE = Source/Info.plist;
				INSTALL_PATH = "$(LOCAL_LIBRARY_DIR)/Frameworks";
				LD_RUNPATH_SEARCH_PATHS = "$(inherited) @executable_path/../Frameworks @loader_path/Frameworks";
				MACOSX_DEPLOYMENT_TARGET = 10.10;
				PRODUCT_BUNDLE_IDENTIFIER = "com.oncast.$(PRODUCT_NAME:rfc1034identifier)";
				PRODUCT_NAME = SwiftWebSocket;
				SDKROOT = macosx;
				SKIP_INSTALL = YES;
				SWIFT_OPTIMIZATION_LEVEL = "-Owholemodule";
				VALID_ARCHS = x86_64;
			};
			name = Release;
		};
		D78C40381C232C3800EB72AA /* Debug */ = {
			isa = XCBuildConfiguration;
			buildSettings = {
				ALWAYS_EMBED_SWIFT_STANDARD_LIBRARIES = YES;
				DEBUG_INFORMATION_FORMAT = dwarf;
				INFOPLIST_FILE = "Test-ObjectiveC/Info.plist";
				IPHONEOS_DEPLOYMENT_TARGET = 9.1;
				LD_RUNPATH_SEARCH_PATHS = "$(inherited) @executable_path/Frameworks @loader_path/Frameworks";
				PRODUCT_BUNDLE_IDENTIFIER = "com.oncast.Test-ObjectiveC";
				PRODUCT_NAME = "$(TARGET_NAME)";
				SWIFT_VERSION = 3.0;
			};
			name = Debug;
		};
		D78C40391C232C3800EB72AA /* Release */ = {
			isa = XCBuildConfiguration;
			buildSettings = {
				ALWAYS_EMBED_SWIFT_STANDARD_LIBRARIES = YES;
				INFOPLIST_FILE = "Test-ObjectiveC/Info.plist";
				IPHONEOS_DEPLOYMENT_TARGET = 9.1;
				LD_RUNPATH_SEARCH_PATHS = "$(inherited) @executable_path/Frameworks @loader_path/Frameworks";
				PRODUCT_BUNDLE_IDENTIFIER = "com.oncast.Test-ObjectiveC";
				PRODUCT_NAME = "$(TARGET_NAME)";
				SWIFT_VERSION = 3.0;
			};
			name = Release;
		};
/* End XCBuildConfiguration section */

/* Begin XCConfigurationList section */
		03957A411C5A71DC005CC1DB /* Build configuration list for PBXNativeTarget "SwiftWebSocket-tvOS" */ = {
			isa = XCConfigurationList;
			buildConfigurations = (
				03957A421C5A71DC005CC1DB /* Debug */,
				03957A431C5A71DC005CC1DB /* Release */,
			);
			defaultConfigurationIsVisible = 0;
			defaultConfigurationName = Release;
		};
		03D1E6FD1B20897100AC49AC /* Build configuration list for PBXProject "SwiftWebSocket" */ = {
			isa = XCConfigurationList;
			buildConfigurations = (
				03D1E7171B20897100AC49AC /* Debug */,
				03D1E7181B20897100AC49AC /* Release */,
			);
			defaultConfigurationIsVisible = 0;
			defaultConfigurationName = Release;
		};
		03D1E7191B20897100AC49AC /* Build configuration list for PBXNativeTarget "SwiftWebSocket-iOS" */ = {
			isa = XCConfigurationList;
			buildConfigurations = (
				03D1E71A1B20897100AC49AC /* Debug */,
				03D1E71B1B20897100AC49AC /* Release */,
			);
			defaultConfigurationIsVisible = 0;
			defaultConfigurationName = Release;
		};
		03D70CD61BDAC5EC00D245C3 /* Build configuration list for PBXNativeTarget "Test-OSX" */ = {
			isa = XCConfigurationList;
			buildConfigurations = (
				03D70CD41BDAC5EC00D245C3 /* Debug */,
				03D70CD51BDAC5EC00D245C3 /* Release */,
			);
			defaultConfigurationIsVisible = 0;
			defaultConfigurationName = Release;
		};
		03D70CE31BDAC63600D245C3 /* Build configuration list for PBXNativeTarget "Test-iOS" */ = {
			isa = XCConfigurationList;
			buildConfigurations = (
				03D70CE41BDAC63600D245C3 /* Debug */,
				03D70CE51BDAC63600D245C3 /* Release */,
			);
			defaultConfigurationIsVisible = 0;
			defaultConfigurationName = Release;
		};
		D71949141B35E6160015C529 /* Build configuration list for PBXNativeTarget "SwiftWebSocket-OSX" */ = {
			isa = XCConfigurationList;
			buildConfigurations = (
				D71949151B35E6160015C529 /* Debug */,
				D71949161B35E6160015C529 /* Release */,
			);
			defaultConfigurationIsVisible = 0;
			defaultConfigurationName = Release;
		};
		D78C403A1C232C3800EB72AA /* Build configuration list for PBXNativeTarget "Test-ObjectiveC" */ = {
			isa = XCConfigurationList;
			buildConfigurations = (
				D78C40381C232C3800EB72AA /* Debug */,
				D78C40391C232C3800EB72AA /* Release */,
			);
			defaultConfigurationIsVisible = 0;
			defaultConfigurationName = Release;
		};
/* End XCConfigurationList section */
	};
	rootObject = 03D1E6FA1B20897100AC49AC /* Project object */;
}
